
Microsoft Visual Studio Solution File, Format Version 12.00
# Visual Studio Version 16
VisualStudioVersion = 16.0.29613.14
MinimumVisualStudioVersion = 10.0.40219.1
Project("{FAE04EC0-301F-11D3-BF4B-00C04F79EFBC}") = "TilesTurningTint", "TTT\TilesTurningTint.csproj", "{D4A2C129-AA81-4055-B9BC-B16DC5A0EE3E}"
EndProject
Project("{FAE04EC0-301F-11D3-BF4B-00C04F79EFBC}") = "TilesTurningTint Test", "UnitTestProject2\TilesTurningTint Test.csproj", "{FB406EDA-3023-40DE-88CE-DA83F7203878}"
EndProject
Project("{FAE04EC0-301F-11D3-BF4B-00C04F79EFBC}") = "WPF_Project", "WPF_Project\WPF_Project.csproj", "{0652F98F-A61C-4FF5-9209-DD6150390212}"
EndProject
Global
	GlobalSection(SolutionConfigurationPlatforms) = preSolution
		Debug|Any CPU = Debug|Any CPU
		Release|Any CPU = Release|Any CPU
	EndGlobalSection
	GlobalSection(ProjectConfigurationPlatforms) = postSolution
		{D4A2C129-AA81-4055-B9BC-B16DC5A0EE3E}.Debug|Any CPU.ActiveCfg = Debug|Any CPU
		{D4A2C129-AA81-4055-B9BC-B16DC5A0EE3E}.Debug|Any CPU.Build.0 = Debug|Any CPU
		{D4A2C129-AA81-4055-B9BC-B16DC5A0EE3E}.Release|Any CPU.ActiveCfg = Release|Any CPU
		{D4A2C129-AA81-4055-B9BC-B16DC5A0EE3E}.Release|Any CPU.Build.0 = Release|Any CPU
		{FB406EDA-3023-40DE-88CE-DA83F7203878}.Debug|Any CPU.ActiveCfg = Debug|Any CPU
		{FB406EDA-3023-40DE-88CE-DA83F7203878}.Debug|Any CPU.Build.0 = Debug|Any CPU
		{FB406EDA-3023-40DE-88CE-DA83F7203878}.Release|Any CPU.ActiveCfg = Release|Any CPU
		{FB406EDA-3023-40DE-88CE-DA83F7203878}.Release|Any CPU.Build.0 = Release|Any CPU
		{0652F98F-A61C-4FF5-9209-DD6150390212}.Debug|Any CPU.ActiveCfg = Debug|Any CPU
		{0652F98F-A61C-4FF5-9209-DD6150390212}.Debug|Any CPU.Build.0 = Debug|Any CPU
		{0652F98F-A61C-4FF5-9209-DD6150390212}.Release|Any CPU.ActiveCfg = Release|Any CPU
		{0652F98F-A61C-4FF5-9209-DD6150390212}.Release|Any CPU.Build.0 = Release|Any CPU
	EndGlobalSection
	GlobalSection(SolutionProperties) = preSolution
		HideSolutionNode = FALSE
	EndGlobalSection
	GlobalSection(ExtensibilityGlobals) = postSolution
		SolutionGuid = {944E63E4-FC24-4E8A-81A1-6270A6297E9B}
	EndGlobalSection
EndGlobal
