
Microsoft Visual Studio Solution File, Format Version 12.00
# Visual Studio Version 16
VisualStudioVersion = 16.0.29613.14
MinimumVisualStudioVersion = 10.0.40219.1
Project("{FAE04EC0-301F-11D3-BF4B-00C04F79EFBC}") = "TTT", "TTT\TTT.csproj", "{D4A2C129-AA81-4055-B9BC-B16DC5A0EE3E}"
EndProject
Project("{FAE04EC0-301F-11D3-BF4B-00C04F79EFBC}") = "TTTTests", "TTTTests\TTTTests.csproj", "{E1E5CF0B-525B-488E-9BEE-D87527B78FE9}"
EndProject
Global
	GlobalSection(SolutionConfigurationPlatforms) = preSolution
		Debug|Any CPU = Debug|Any CPU
		Release|Any CPU = Release|Any CPU
	EndGlobalSection
	GlobalSection(ProjectConfigurationPlatforms) = postSolution
		{D4A2C129-AA81-4055-B9BC-B16DC5A0EE3E}.Debug|Any CPU.ActiveCfg = Debug|Any CPU
		{D4A2C129-AA81-4055-B9BC-B16DC5A0EE3E}.Debug|Any CPU.Build.0 = Debug|Any CPU
		{D4A2C129-AA81-4055-B9BC-B16DC5A0EE3E}.Release|Any CPU.ActiveCfg = Release|Any CPU
		{D4A2C129-AA81-4055-B9BC-B16DC5A0EE3E}.Release|Any CPU.Build.0 = Release|Any CPU
		{E1E5CF0B-525B-488E-9BEE-D87527B78FE9}.Debug|Any CPU.ActiveCfg = Debug|Any CPU
		{E1E5CF0B-525B-488E-9BEE-D87527B78FE9}.Debug|Any CPU.Build.0 = Debug|Any CPU
		{E1E5CF0B-525B-488E-9BEE-D87527B78FE9}.Release|Any CPU.ActiveCfg = Release|Any CPU
		{E1E5CF0B-525B-488E-9BEE-D87527B78FE9}.Release|Any CPU.Build.0 = Release|Any CPU
	EndGlobalSection
	GlobalSection(SolutionProperties) = preSolution
		HideSolutionNode = FALSE
	EndGlobalSection
	GlobalSection(ExtensibilityGlobals) = postSolution
		SolutionGuid = {944E63E4-FC24-4E8A-81A1-6270A6297E9B}
	EndGlobalSection
EndGlobal
